
Microsoft Visual Studio Solution File, Format Version 12.00
# Visual Studio 15
VisualStudioVersion = 15.0.26730.0
MinimumVisualStudioVersion = 10.0.40219.1
Project("{FAE04EC0-301F-11D3-BF4B-00C04F79EFBC}") = "Reproduction", "Reproduction\Reproduction.csproj", "{0283E924-4974-4204-81E2-6E797E9FFA0C}"
EndProject
Project("{9A19103F-16F7-4668-BE54-9A1E7A4F7556}") = "Dbus", "DbusCore\src\Dbus\Dbus.csproj", "{26399165-298E-4D64-BA4C-1ABD86058104}"
EndProject
Project("{9A19103F-16F7-4668-BE54-9A1E7A4F7556}") = "Dbus.CodeGenerator", "DbusCore\src\Dbus.CodeGenerator\Dbus.CodeGenerator.csproj", "{FF96E54D-F8CC-4326-AC54-E2903DDBB7BF}"
EndProject
Global
	GlobalSection(SolutionConfigurationPlatforms) = preSolution
		Debug|Any CPU = Debug|Any CPU
		Release|Any CPU = Release|Any CPU
	EndGlobalSection
	GlobalSection(ProjectConfigurationPlatforms) = postSolution
		{0283E924-4974-4204-81E2-6E797E9FFA0C}.Debug|Any CPU.ActiveCfg = Debug|Any CPU
		{0283E924-4974-4204-81E2-6E797E9FFA0C}.Debug|Any CPU.Build.0 = Debug|Any CPU
		{0283E924-4974-4204-81E2-6E797E9FFA0C}.Release|Any CPU.ActiveCfg = Release|Any CPU
		{0283E924-4974-4204-81E2-6E797E9FFA0C}.Release|Any CPU.Build.0 = Release|Any CPU
		{26399165-298E-4D64-BA4C-1ABD86058104}.Debug|Any CPU.ActiveCfg = Debug|Any CPU
		{26399165-298E-4D64-BA4C-1ABD86058104}.Debug|Any CPU.Build.0 = Debug|Any CPU
		{26399165-298E-4D64-BA4C-1ABD86058104}.Release|Any CPU.ActiveCfg = Release|Any CPU
		{26399165-298E-4D64-BA4C-1ABD86058104}.Release|Any CPU.Build.0 = Release|Any CPU
		{FF96E54D-F8CC-4326-AC54-E2903DDBB7BF}.Debug|Any CPU.ActiveCfg = Debug|Any CPU
		{FF96E54D-F8CC-4326-AC54-E2903DDBB7BF}.Debug|Any CPU.Build.0 = Debug|Any CPU
		{FF96E54D-F8CC-4326-AC54-E2903DDBB7BF}.Release|Any CPU.ActiveCfg = Release|Any CPU
		{FF96E54D-F8CC-4326-AC54-E2903DDBB7BF}.Release|Any CPU.Build.0 = Release|Any CPU
	EndGlobalSection
	GlobalSection(SolutionProperties) = preSolution
		HideSolutionNode = FALSE
	EndGlobalSection
	GlobalSection(ExtensibilityGlobals) = postSolution
		SolutionGuid = {89D821A4-ED36-43C6-9547-A3C3D1CF976C}
	EndGlobalSection
EndGlobal
